
Microsoft Visual Studio Solution File, Format Version 12.00
# Visual Studio Version 16
VisualStudioVersion = 16.0.29609.76
MinimumVisualStudioVersion = 10.0.40219.1
Project("{FAE04EC0-301F-11D3-BF4B-00C04F79EFBC}") = "MysteryHaloTheater", "MysteryHaloTheater\MysteryHaloTheater.csproj", "{9352DD24-17D3-4F01-85B4-19C317D268B5}"
EndProject
Global
	GlobalSection(SolutionConfigurationPlatforms) = preSolution
		Debug|Any CPU = Debug|Any CPU
		Release|Any CPU = Release|Any CPU
	EndGlobalSection
	GlobalSection(ProjectConfigurationPlatforms) = postSolution
		{9352DD24-17D3-4F01-85B4-19C317D268B5}.Debug|Any CPU.ActiveCfg = Debug|Any CPU
		{9352DD24-17D3-4F01-85B4-19C317D268B5}.Debug|Any CPU.Build.0 = Debug|Any CPU
		{9352DD24-17D3-4F01-85B4-19C317D268B5}.Release|Any CPU.ActiveCfg = Release|Any CPU
		{9352DD24-17D3-4F01-85B4-19C317D268B5}.Release|Any CPU.Build.0 = Release|Any CPU
	EndGlobalSection
	GlobalSection(SolutionProperties) = preSolution
		HideSolutionNode = FALSE
	EndGlobalSection
	GlobalSection(ExtensibilityGlobals) = postSolution
		SolutionGuid = {251067B3-EAE6-40B5-B2A7-374B49A5EEB9}
	EndGlobalSection
EndGlobal
